<?xml version="1.0" encoding="utf-8"?>
<Project ToolsVersion="4.0" xmlns="http://schemas.microsoft.com/developer/msbuild/2003">
  <ItemGroup>
    <ClCompile Include="..\Project\Core++\Src\AnalyzerExtern.cpp">
      <Filter>Src</Filter>
    </ClCompile>
    <ClCompile Include="..\Project\Core++\Src\Bootloader.cpp">
      <Filter>Src</Filter>
    </ClCompile>
    <ClCompile Include="..\Project\Core++\Src\DacExtern.cpp">
      <Filter>Src</Filter>
    </ClCompile>
    <ClCompile Include="..\Project\Core++\Src\FuncAnalyser.cpp">
      <Filter>Src</Filter>
    </ClCompile>
    <ClCompile Include="..\Project\Core++\Src\FuncGenerator.cpp">
      <Filter>Src</Filter>
    </ClCompile>
    <ClCompile Include="..\Project\Core++\Src\Lcd.cpp">
      <Filter>Src</Filter>
    </ClCompile>
    <ClCompile Include="..\Project\Core++\Src\SerialConnection.cpp">
      <Filter>Src</Filter>
    </ClCompile>
    <ClCompile Include="DacExtern_Test.cpp">
      <Filter>Tests</Filter>
    </ClCompile>
    <ClCompile Include="SerialConnection_Test.cpp">
      <Filter>Tests</Filter>
    </ClCompile>
    <ClCompile Include="test.cpp">
      <Filter>Tests</Filter>
    </ClCompile>
    <ClCompile Include="Mocks\Bsp.cpp">
      <Filter>Src</Filter>
    </ClCompile>
    <ClCompile Include="pch.cpp">
      <Filter>Tests</Filter>
    </ClCompile>
  </ItemGroup>
  <ItemGroup>
    <ClInclude Include="..\Project\Core++\Inc\AnalyzerExtern.hpp">
      <Filter>Inc</Filter>
    </ClInclude>
    <ClInclude Include="..\Project\Core++\Inc\Bootloader.hpp">
      <Filter>Inc</Filter>
    </ClInclude>
    <ClInclude Include="..\Project\Core++\Inc\DacExtern.hpp">
      <Filter>Inc</Filter>
    </ClInclude>
    <ClInclude Include="..\Project\Core++\Inc\FuncAnalyzer.hpp">
      <Filter>Inc</Filter>
    </ClInclude>
    <ClInclude Include="..\Project\Core++\Inc\FuncGenerator.hpp">
      <Filter>Inc</Filter>
    </ClInclude>
    <ClInclude Include="..\Project\Core++\Inc\Lcd.hpp">
      <Filter>Inc</Filter>
    </ClInclude>
    <ClInclude Include="..\Project\Core++\Inc\SerialConnection.hpp">
      <Filter>Inc</Filter>
    </ClInclude>
    <ClInclude Include="Mocks\Bsp.hpp">
      <Filter>Inc</Filter>
    </ClInclude>
    <ClInclude Include="Mocks\MockHAL.hpp">
      <Filter>Inc</Filter>
    </ClInclude>
    <ClInclude Include="pch.h">
      <Filter>Tests</Filter>
    </ClInclude>
  </ItemGroup>
  <ItemGroup>
    <Filter Include="Src">
      <UniqueIdentifier>{e925bcdd-bdfb-44bd-90ab-b50888e162e9}</UniqueIdentifier>
    </Filter>
    <Filter Include="Inc">
      <UniqueIdentifier>{07d6367d-36e1-414a-a05c-5ad4062336ef}</UniqueIdentifier>
    </Filter>
    <Filter Include="Tests">
      <UniqueIdentifier>{eb722ed0-3752-4c1b-8b08-348942119989}</UniqueIdentifier>
    </Filter>
  </ItemGroup>
  <ItemGroup>
    <None Include="packages.config" />
  </ItemGroup>
</Project>